
Microsoft Visual Studio Solution File, Format Version 12.00
# Visual Studio Version 17
VisualStudioVersion = 17.6.33815.320
MinimumVisualStudioVersion = 10.0.40219.1
Project("{888888A0-9F3D-457C-B088-3A5042F75D52}") = "Visual Improvements", "Visual Improvements.pyproj", "{BFCF972E-ACBD-4954-B13D-BC4355749F8D}"
EndProject
Global
	GlobalSection(SolutionConfigurationPlatforms) = preSolution
		Debug|Any CPU = Debug|Any CPU
		Release|Any CPU = Release|Any CPU
	EndGlobalSection
	GlobalSection(ProjectConfigurationPlatforms) = postSolution
		{BFCF972E-ACBD-4954-B13D-BC4355749F8D}.Debug|Any CPU.ActiveCfg = Debug|Any CPU
		{BFCF972E-ACBD-4954-B13D-BC4355749F8D}.Release|Any CPU.ActiveCfg = Release|Any CPU
	EndGlobalSection
	GlobalSection(SolutionProperties) = preSolution
		HideSolutionNode = FALSE
	EndGlobalSection
	GlobalSection(ExtensibilityGlobals) = postSolution
		SolutionGuid = {3B28BF3C-05D2-48D0-9189-7122D321C4EA}
	EndGlobalSection
EndGlobal
